github.com/bytedance/sonic v1.9.1 h1:6iJ6NqdoxCDr6mbY8z18F2nGs7nnY9hJ0UW6CoUivs0=
github.com/bytedance/sonic v1.9.1/go.mod h1:i736AoUSY+75Vz7O+6x4p7myk1XumLLtJoauB3lye4E=
github.com/chenzhuoyu/base64x v0.0.0-20221115062448-fe3a3abad311 h1:qSGYFH7+jSDFiayufTafixl6zSERebJ6Z8HR0w9Q68=
github.com/chenzhuoyu/base64x v0.0.0-20221115062448-fe3a3abad311/go.mod h1:bAlkXf4t4zGk0Fbo8zPK8BpNY2K+47g9yc6nJxVJZ+0=
github.com/davecgh/go-spew v1.1.0/go.mod h1:J7Y8YcW2NihsgmVo/mv3lAwl/skON4iLHjSsI+c5H38=
github.com/davecgh/go-spew v1.1.1 h1:vj9j/u1bqnvCEfJOwUhtlOARqs3+rkHYY13jYWTU97c=
github.com/davecgh/go-spew v1.1.1/go.mod h1:J7Y8YcW2NihsgmVo/mv3lAwl/skON4iLHjSsI+c5H38=
github.com/gabriel-vasile/mimetype v1.4.2 h1:w5qFW6JKBz9Y393Y4q372O9A7cUSUKkhXfy6iDd9S3Q=
github.com/gabriel-vasile/mimetype v1.4.2/go.mod h1:zApsG/m6sC/7ZEDo9N1WhM0LhX9Q6N4BwhEqveK0Ca8=
github.com/gin-contrib/sse v0.1.0 h1:Y/yl/+YNO8GZSjAhjMsSuLt29uWRFHdHYUb5lYOV9qE=
github.com/gin-contrib/sse v0.1.0/go.mod h1:RH0ZouPNX4a1u9rnjDI1AwQ2bTc8CfFE+ivo6Yss6aM=
github.com/gin-gonic/gin v1.9.1 h1:4idEAncQnU5cB7BeOkPtxjfCSye0AAm1R0RVIqJ+Jmg=
github.com/gin-gonic/gin v1.9.1/go.mod h1:hPrL7YrpYKXt5CYIdFIy5h/OjEho39Rj4wy+AiW3+BU=
github.com/go-playground/assert/v2 v2.2.0 h1:JvknZsQTYeFEAhQwI4qEt9cyV5ONwRHC+lYKSs2SFSg=
github.com/go-playground/assert/v2 v2.2.0/go.mod h1:VDjEfimB/XKnb+ZQfWdccd7VUvScMdVu0Titje2rxJ4=
github.com/go-playground/locales v0.14.1 h1:EWaQ/wZ4r29mDd7xyhCRK3t3/8JE5UyBJ9+TRaF2a5mY=
github.com/go-playground/locales v0.14.1/go.mod h1:hxrqLVvrK65+Rwrd5Fc6F2O76J/NuW9t0sjnWqG1slY=
github.com/go-playground/universal-translator v0.18.1 h1:Bcnm0ZwsGyWbCzImXv+pAJnYK9S473LQFuzCbDbfSFY=
github.com/go-playground/universal-translator v0.18.1/go.mod h1:xekY+UJKNuX9WP91TpwSH2VMlDf28Uj24BCp08ZFTUY=
github.com/go-playground/validator/v10 v10.14.0 h1:vgvQWe3XCz3gIeFDm/Hn4bj1u8KEFsJ66u8I7dI/6CE=
github.com/go-playground/validator/v10 v10.14.0/go.mod h1:9iXMNT7sEkjXb0I+enO7IXm1NS3+KGqG9aJ9z/aNKNE=
github.com/goccy/go-json v0.10.2 h1:CrxCmQqYDkv1z7lO7Wbh2HN93uov5xfz4k5pR2l9L5c=
github.com/goccy/go-json v0.10.2/go.mod h1:6MelG93GURQebXPDq3khkgXZkazVtN9CRI+MGFi0w8I=
github.com/google/uuid v1.4.0 h1:MtMxsa51/r9yyhCDzsILn/8iR5Lii0rCQtTfz8gfX6Y=
github.com/google/uuid v1.4.0/go.mod h1:TIyPZe4Zmqv2dyYZe7C/8dktP/TqlG/Ib59+1mKiu5Y=
github.com/json-iterator/go v1.1.12 h1:PV8peI4a0ysnczrg+LtxykD8LfKY9ML6u2jnxaEnrnM=
github.com/json-iterator/go v1.1.12/go.mod h1:e30XqBxisdDjL0H4k+O8V/vN+J8Jd9YjKe2lNhpca00=
github.com/klauspost/cpuid/v2 v2.2.4 h1:acbojRNl3Dc2b3n2kp34xId3J8tS1geFkP9F9z25tsA=
github.com/klauspost/cpuid/v2 v2.2.4/go.mod h1:RVVoqg1df56z8g3pUjLq3h1Juu2/VnJ9xupnK4s4+RA=
github.com/leodido/go-urn v1.2.4 h1:Ad5tfk1T5lz3i+JTenhtiyMh6ZFb7C16bWDGhiD2pgY=
github.com/leodido/go-urn v1.2.4/go.mod h1:7ZrI8mTSeBSHl/UaRyKQW1qZeMgak41ANeCNaVckg+4=
github.com/mattn/go-isatty v0.0.19 h1:JITubQf0SODklJixdDAu4un2dZg4aN6ev7T0V4Z4+3I=
github.com/mattn/go-isatty v0.0.19/go.mod h1:W+V8PltTTMOvKvAeJH7IuucS94S2C6j43KtAIkyF6DY=
github.com/modern-go/concurrent v0.0.0-20180306012644-bacd9c7ef1dd h1:TRLaZ9cD/w8PVh93nsPXa1VrQmajl8VfIDQZelvnpg=
github.com/modern-go/concurrent v0.0.0-20180306012644-bacd9c7ef1dd/go.mod h1:6dJC0mAP4ikYIbvyc7fijjWJddQyLn8Ig3JB5CqoB9Q=
github.com/modern-go/reflect2 v1.0.2 h1:xBagoD+bCsNFryDsDj828M4IFt0xuybWcz41XDR4pfQ=
github.com/modern-go/reflect2 v1.0.2/go.mod h1:z2M93i1qUnLc/zy5jGkkv6paaYsA0KnY6jqnZ8p9uzs=
github.com/pelletier/go-toml/v2 v2.0.8 h1:0ctb6s9mE31h0/lhu+J6OPmVM9iSFIiRqG71Jj1/5ns=
github.com/pelletier/go-toml/v2 v2.0.8/go.mod h1:vuYfssBdrj2R7J9b3ngBUwphXOQ6rAhpxsWB0+FFdUQ=
github.com/pmezard/go-difflib v1.0.0 h1:4DBwDE0NGyQoBHbLQYPwSUPoCMWR5BEzIk/f1lZbAQM=
github.com/pmezard/go-difflib v1.0.0/go.mod h1:iKH77koFhYxTK1pcRnkKkqfTogsbg7gZNVY4sRDYZ/4=
github.com/stretchr/objx v0.4.0/go.mod h1:YvHI0jy2hoMjB+UWwv71VJQ9isWMKTxJ9wHf+sWnHdI=
github.com/stretchr/objx v0.5.0/go.mod h1:Yh+ob48yc3iAX2mtJXXy0fUFX5QkcdlGNat2cZvMFk=
github.com/stretchr/testify v1.8.3 h1:RP3t2pwF7cMEbC1d3B8WW1XxX3+3L4IzAkjl+PVcrP0=
github.com/stretchr/testify v1.8.3/go.mod h1:sz/lmYIOXD/1dqDmKjjqLyZ2RngseejIcXlSw2iwfAo=
github.com/twitchyliquid64/golang-asm v0.15.1 h1:SU5vSMR7TdS8KqP4x4kfYdJFRcGvIN+hn/4Lk8gB1g=
github.com/twitchyliquid64/golang-asm v0.15.1/go.mod h1:a1lVb/DtPvCB8fslRZhAngC2A311rmQdP5gPf5sQUCk=
github.com/ugorji/go/codec v1.2.11 h1:BMaWp1Bb6fHwEtbplGBGJ498wD+LKlNSn25MQjB3wuA=
github.com/ugorji/go/codec v1.2.11/go.mod h1:UNopzCgEMSXjBc6AOMqYvWC1ktqTAfzJZUZgYf6w6lg=
golang.org/x/arch v0.3.0 h1:02VY4/ZcO/gBOH6RJLax1fFJj5WY4R6vfyrtn4M8r2M=
golang.org/x/arch v0.3.0/go.mod h1:5om86z9Hs8C8f1Q+45gvSf1AHfvnaHn+Go1QMw3j/0k=
golang.org/x/crypto v0.9.0 h1:LF6fAI+IutBocDJ2OT0Q1g8plpYljMZ4+lty+dsqw3g=
golang.org/x/crypto v0.9.0/go.mod h1:yrmDGqONDYtNj3tH8X9dzUun2m2lzPa9ngITh/R3QZ8=
golang.org/x/net v0.10.0 h1:0q4VCN7WVJqv8BA/97wgv39Pygd2g9QLnFItLQVcB5Q=
golang.org/x/net v0.10.0/go.mod h1:0qNGK6F8kojg2nk9dLZ2mShWaEBan6FAoqfSigmmuDg=
golang.org/x/sys v0.8.0 h1:EBmGv8N569Cd9rT+4oG1tWb2B4g1X+6/26+o8kq4+fs=
golang.org/x/sys v0.8.0/go.mod h1:oPkhp1MJrh7nUepCBck5+mAzfO9JrbApNNgaTdGDITg=
golang.org/x/text v0.9.0 h1:MQ7X1v1i6p3lw+03sdaQ/8h2lcouly+Z0PH4JMvP+zY=
golang.org/x/text v0.9.0/go.mod h1:e1OnstbJyHTd6l/uOt8jFFHpJTRcKLcJkSX5Fa1u6UM=
gopkg.in/yaml.v3 v3.0.1 h1:fxVm/GzAzEWqLHuvctI91KS9hNQea3lZjLLmaGLnF48=
gopkg.in/yaml.v3 v3.0.1/go.mod h1:K4uyk7z7BCEPqu6E+C64Yfv1cQ7kz7rIZviUmN+EgEM=
